
Microsoft Visual Studio Solution File, Format Version 12.00
# Visual Studio 15
VisualStudioVersion = 15.0.27428.2027
MinimumVisualStudioVersion = 10.0.40219.1
Project("{FAE04EC0-301F-11D3-BF4B-00C04F79EFBC}") = "WpfApp1", "WpfApp1\WpfApp1.csproj", "{6CFCCEA2-D3D4-47EC-81A8-BC538843A745}"
EndProject
Global
	GlobalSection(SolutionConfigurationPlatforms) = preSolution
		Debug|Any CPU = Debug|Any CPU
		Release|Any CPU = Release|Any CPU
	EndGlobalSection
	GlobalSection(ProjectConfigurationPlatforms) = postSolution
		{6CFCCEA2-D3D4-47EC-81A8-BC538843A745}.Debug|Any CPU.ActiveCfg = Debug|Any CPU
		{6CFCCEA2-D3D4-47EC-81A8-BC538843A745}.Debug|Any CPU.Build.0 = Debug|Any CPU
		{6CFCCEA2-D3D4-47EC-81A8-BC538843A745}.Release|Any CPU.ActiveCfg = Release|Any CPU
		{6CFCCEA2-D3D4-47EC-81A8-BC538843A745}.Release|Any CPU.Build.0 = Release|Any CPU
	EndGlobalSection
	GlobalSection(SolutionProperties) = preSolution
		HideSolutionNode = FALSE
	EndGlobalSection
	GlobalSection(ExtensibilityGlobals) = postSolution
		SolutionGuid = {2E07F49E-2470-4100-9BCA-4B0072AC78CB}
	EndGlobalSection
EndGlobal
